
Microsoft Visual Studio Solution File, Format Version 12.00
# Visual Studio Version 17
VisualStudioVersion = 17.5.33530.505
MinimumVisualStudioVersion = 10.0.40219.1
Project("{9A19103F-16F7-4668-BE54-9A1E7A4F7556}") = "ddtest", "ddtest\ddtest.csproj", "{0B7C5D07-97E2-46E7-8096-7D96FAF0F245}"
EndProject
Project("{2150E333-8FDC-42A3-9474-1A3956D46DE8}") = "Solution Items", "Solution Items", "{AE86144C-0650-42A6-8139-D820C3561656}"
EndProject
Global
	GlobalSection(SolutionConfigurationPlatforms) = preSolution
		Debug|Any CPU = Debug|Any CPU
		Release|Any CPU = Release|Any CPU
	EndGlobalSection
	GlobalSection(ProjectConfigurationPlatforms) = postSolution
		{0B7C5D07-97E2-46E7-8096-7D96FAF0F245}.Debug|Any CPU.ActiveCfg = Debug|Any CPU
		{0B7C5D07-97E2-46E7-8096-7D96FAF0F245}.Debug|Any CPU.Build.0 = Debug|Any CPU
		{0B7C5D07-97E2-46E7-8096-7D96FAF0F245}.Release|Any CPU.ActiveCfg = Release|Any CPU
		{0B7C5D07-97E2-46E7-8096-7D96FAF0F245}.Release|Any CPU.Build.0 = Release|Any CPU
	EndGlobalSection
	GlobalSection(SolutionProperties) = preSolution
		HideSolutionNode = FALSE
	EndGlobalSection
	GlobalSection(ExtensibilityGlobals) = postSolution
		SolutionGuid = {6AB9A66F-B543-4A1E-86C7-D1F573BF26C8}
	EndGlobalSection
EndGlobal
